
Microsoft Visual Studio Solution File, Format Version 12.00
# Visual Studio 15
VisualStudioVersion = 15.0.27703.2026
MinimumVisualStudioVersion = 10.0.40219.1
Project("{9A19103F-16F7-4668-BE54-9A1E7A4F7556}") = "Woof.Data.MySQL", "Woof.Data.MySQL.csproj", "{D748B089-91A3-4733-88C3-CAEC4E762B63}"
EndProject
Global
	GlobalSection(SolutionConfigurationPlatforms) = preSolution
		Debug|Any CPU = Debug|Any CPU
		Release|Any CPU = Release|Any CPU
	EndGlobalSection
	GlobalSection(ProjectConfigurationPlatforms) = postSolution
		{D748B089-91A3-4733-88C3-CAEC4E762B63}.Debug|Any CPU.ActiveCfg = Debug|Any CPU
		{D748B089-91A3-4733-88C3-CAEC4E762B63}.Debug|Any CPU.Build.0 = Debug|Any CPU
		{D748B089-91A3-4733-88C3-CAEC4E762B63}.Release|Any CPU.ActiveCfg = Release|Any CPU
		{D748B089-91A3-4733-88C3-CAEC4E762B63}.Release|Any CPU.Build.0 = Release|Any CPU
	EndGlobalSection
	GlobalSection(SolutionProperties) = preSolution
		HideSolutionNode = FALSE
	EndGlobalSection
	GlobalSection(ExtensibilityGlobals) = postSolution
		SolutionGuid = {52AF7F74-6438-46D6-B531-4604365BB2C0}
	EndGlobalSection
EndGlobal
